// !$*UTF8*$!
{
	archiveVersion = 1;
	classes = {
	};
	objectVersion = 56;
	objects = {

/* Begin PBXBuildFile section */
		1824668B291C75E800017C00 /* FirebaseAnalytics in Frameworks */ = {isa = PBXBuildFile; productRef = 1824668A291C75E800017C00 /* FirebaseAnalytics */; };
		1824668D291C75E800017C00 /* FirebaseAnalyticsOnDeviceConversion in Frameworks */ = {isa = PBXBuildFile; productRef = 1824668C291C75E800017C00 /* FirebaseAnalyticsOnDeviceConversion */; };
		1824668F291C75E800017C00 /* FirebaseAnalyticsSwift in Frameworks */ = {isa = PBXBuildFile; productRef = 1824668E291C75E800017C00 /* FirebaseAnalyticsSwift */; };
		18246691291C75E800017C00 /* FirebaseAnalyticsWithoutAdIdSupport in Frameworks */ = {isa = PBXBuildFile; productRef = 18246690291C75E800017C00 /* FirebaseAnalyticsWithoutAdIdSupport */; };
		18246693291C75E800017C00 /* FirebaseAppCheck in Frameworks */ = {isa = PBXBuildFile; productRef = 18246692291C75E800017C00 /* FirebaseAppCheck */; };
		18246695291C75E800017C00 /* FirebaseAppDistribution-Beta in Frameworks */ = {isa = PBXBuildFile; productRef = 18246694291C75E800017C00 /* FirebaseAppDistribution-Beta */; };
		18246697291C75E800017C00 /* FirebaseAuth in Frameworks */ = {isa = PBXBuildFile; productRef = 18246696291C75E800017C00 /* FirebaseAuth */; };
		18246699291C75E800017C00 /* FirebaseAuthCombine-Community in Frameworks */ = {isa = PBXBuildFile; productRef = 18246698291C75E800017C00 /* FirebaseAuthCombine-Community */; };
		1824669B291C75E800017C00 /* FirebaseCrashlytics in Frameworks */ = {isa = PBXBuildFile; productRef = 1824669A291C75E800017C00 /* FirebaseCrashlytics */; };
		1824669D291C75E800017C00 /* FirebaseDatabase in Frameworks */ = {isa = PBXBuildFile; productRef = 1824669C291C75E800017C00 /* FirebaseDatabase */; };
		1824669F291C75E800017C00 /* FirebaseDatabaseSwift in Frameworks */ = {isa = PBXBuildFile; productRef = 1824669E291C75E800017C00 /* FirebaseDatabaseSwift */; };
		182466A1291C75E800017C00 /* FirebaseDynamicLinks in Frameworks */ = {isa = PBXBuildFile; productRef = 182466A0291C75E800017C00 /* FirebaseDynamicLinks */; };
		182466A3291C75E800017C00 /* FirebaseFirestore in Frameworks */ = {isa = PBXBuildFile; productRef = 182466A2291C75E800017C00 /* FirebaseFirestore */; };
		182466A5291C75E800017C00 /* FirebaseFirestoreCombine-Community in Frameworks */ = {isa = PBXBuildFile; productRef = 182466A4291C75E800017C00 /* FirebaseFirestoreCombine-Community */; };
		182466A7291C75E800017C00 /* FirebaseFirestoreSwift in Frameworks */ = {isa = PBXBuildFile; productRef = 182466A6291C75E800017C00 /* FirebaseFirestoreSwift */; };
		182466A9291C75E800017C00 /* FirebaseFunctions in Frameworks */ = {isa = PBXBuildFile; productRef = 182466A8291C75E800017C00 /* FirebaseFunctions */; };
		182466AB291C75E800017C00 /* FirebaseFunctionsCombine-Community in Frameworks */ = {isa = PBXBuildFile; productRef = 182466AA291C75E800017C00 /* FirebaseFunctionsCombine-Community */; };
		182466AD291C75E800017C00 /* FirebaseInAppMessaging-Beta in Frameworks */ = {isa = PBXBuildFile; productRef = 182466AC291C75E800017C00 /* FirebaseInAppMessaging-Beta */; };
		182466AF291C75E800017C00 /* FirebaseInAppMessagingSwift-Beta in Frameworks */ = {isa = PBXBuildFile; productRef = 182466AE291C75E800017C00 /* FirebaseInAppMessagingSwift-Beta */; };
		182466B1291C75E800017C00 /* FirebaseInstallations in Frameworks */ = {isa = PBXBuildFile; productRef = 182466B0291C75E800017C00 /* FirebaseInstallations */; };
		182466B3291C75E800017C00 /* FirebaseMLModelDownloader in Frameworks */ = {isa = PBXBuildFile; productRef = 182466B2291C75E800017C00 /* FirebaseMLModelDownloader */; };
		182466B5291C75E800017C00 /* FirebaseMessaging in Frameworks */ = {isa = PBXBuildFile; productRef = 182466B4291C75E800017C00 /* FirebaseMessaging */; };
		182466B7291C75E800017C00 /* FirebasePerformance in Frameworks */ = {isa = PBXBuildFile; productRef = 182466B6291C75E800017C00 /* FirebasePerformance */; };
		182466B9291C75E800017C00 /* FirebaseRemoteConfig in Frameworks */ = {isa = PBXBuildFile; productRef = 182466B8291C75E800017C00 /* FirebaseRemoteConfig */; };
		182466BB291C75E800017C00 /* FirebaseRemoteConfigSwift in Frameworks */ = {isa = PBXBuildFile; productRef = 182466BA291C75E800017C00 /* FirebaseRemoteConfigSwift */; };
		182466BD291C75E800017C00 /* FirebaseStorage in Frameworks */ = {isa = PBXBuildFile; productRef = 182466BC291C75E800017C00 /* FirebaseStorage */; };
		182466BF291C75E800017C00 /* FirebaseStorageCombine-Community in Frameworks */ = {isa = PBXBuildFile; productRef = 182466BE291C75E800017C00 /* FirebaseStorageCombine-Community */; };
		182466C1291C822800017C00 /* GoogleService-Info.plist in Resources */ = {isa = PBXBuildFile; fileRef = 182466C0291C822800017C00 /* GoogleService-Info.plist */; };
		F46814D029108E10000ADAFA /* TwillioTester.swift in Sources */ = {isa = PBXBuildFile; fileRef = F46814CF29108E10000ADAFA /* TwillioTester.swift */; };
		F46814D3291092FD000ADAFA /* Alamofire in Frameworks */ = {isa = PBXBuildFile; productRef = F46814D2291092FD000ADAFA /* Alamofire */; };
		FF184D9728FF868F0030B647 /* Safety_22App.swift in Sources */ = {isa = PBXBuildFile; fileRef = FF184D9628FF868F0030B647 /* Safety_22App.swift */; };
		FF184D9928FF868F0030B647 /* ContentView.swift in Sources */ = {isa = PBXBuildFile; fileRef = FF184D9828FF868F0030B647 /* ContentView.swift */; };
		FF184D9B28FF86940030B647 /* Assets.xcassets in Resources */ = {isa = PBXBuildFile; fileRef = FF184D9A28FF86930030B647 /* Assets.xcassets */; };
		FF184D9E28FF86940030B647 /* Preview Assets.xcassets in Resources */ = {isa = PBXBuildFile; fileRef = FF184D9D28FF86940030B647 /* Preview Assets.xcassets */; };
		FF184DA528FF884B0030B647 /* WorldView.swift in Sources */ = {isa = PBXBuildFile; fileRef = FF184DA428FF884B0030B647 /* WorldView.swift */; };
/* End PBXBuildFile section */

/* Begin PBXFileReference section */
		182466C0291C822800017C00 /* GoogleService-Info.plist */ = {isa = PBXFileReference; fileEncoding = 4; lastKnownFileType = text.plist.xml; name = "GoogleService-Info.plist"; path = "../../../Downloads/GoogleService-Info.plist"; sourceTree = "<group>"; };
		F46814CF29108E10000ADAFA /* TwillioTester.swift */ = {isa = PBXFileReference; lastKnownFileType = sourcecode.swift; path = TwillioTester.swift; sourceTree = "<group>"; };
		FF184D9328FF868F0030B647 /* Safety-22.app */ = {isa = PBXFileReference; explicitFileType = wrapper.application; includeInIndex = 0; path = "Safety-22.app"; sourceTree = BUILT_PRODUCTS_DIR; };
		FF184D9628FF868F0030B647 /* Safety_22App.swift */ = {isa = PBXFileReference; lastKnownFileType = sourcecode.swift; path = Safety_22App.swift; sourceTree = "<group>"; };
		FF184D9828FF868F0030B647 /* ContentView.swift */ = {isa = PBXFileReference; lastKnownFileType = sourcecode.swift; path = ContentView.swift; sourceTree = "<group>"; };
		FF184D9A28FF86930030B647 /* Assets.xcassets */ = {isa = PBXFileReference; lastKnownFileType = folder.assetcatalog; path = Assets.xcassets; sourceTree = "<group>"; };
		FF184D9D28FF86940030B647 /* Preview Assets.xcassets */ = {isa = PBXFileReference; lastKnownFileType = folder.assetcatalog; path = "Preview Assets.xcassets"; sourceTree = "<group>"; };
		FF184DA428FF884B0030B647 /* WorldView.swift */ = {isa = PBXFileReference; lastKnownFileType = sourcecode.swift; path = WorldView.swift; sourceTree = "<group>"; };
		FF588CD2290446C90069DED2 /* Info.plist */ = {isa = PBXFileReference; lastKnownFileType = text.plist; path = Info.plist; sourceTree = "<group>"; };
/* End PBXFileReference section */

/* Begin PBXFrameworksBuildPhase section */
		FF184D9028FF868F0030B647 /* Frameworks */ = {
			isa = PBXFrameworksBuildPhase;
			buildActionMask = 2147483647;
			files = (
				182466A9291C75E800017C00 /* FirebaseFunctions in Frameworks */,
				1824669F291C75E800017C00 /* FirebaseDatabaseSwift in Frameworks */,
				182466AF291C75E800017C00 /* FirebaseInAppMessagingSwift-Beta in Frameworks */,
				182466B5291C75E800017C00 /* FirebaseMessaging in Frameworks */,
				18246695291C75E800017C00 /* FirebaseAppDistribution-Beta in Frameworks */,
				18246699291C75E800017C00 /* FirebaseAuthCombine-Community in Frameworks */,
				182466A5291C75E800017C00 /* FirebaseFirestoreCombine-Community in Frameworks */,
				1824668F291C75E800017C00 /* FirebaseAnalyticsSwift in Frameworks */,
				182466B3291C75E800017C00 /* FirebaseMLModelDownloader in Frameworks */,
				18246691291C75E800017C00 /* FirebaseAnalyticsWithoutAdIdSupport in Frameworks */,
				1824668B291C75E800017C00 /* FirebaseAnalytics in Frameworks */,
				182466A7291C75E800017C00 /* FirebaseFirestoreSwift in Frameworks */,
				1824668D291C75E800017C00 /* FirebaseAnalyticsOnDeviceConversion in Frameworks */,
				18246693291C75E800017C00 /* FirebaseAppCheck in Frameworks */,
				182466B7291C75E800017C00 /* FirebasePerformance in Frameworks */,
				182466AD291C75E800017C00 /* FirebaseInAppMessaging-Beta in Frameworks */,
				182466AB291C75E800017C00 /* FirebaseFunctionsCombine-Community in Frameworks */,
				1824669B291C75E800017C00 /* FirebaseCrashlytics in Frameworks */,
				182466B1291C75E800017C00 /* FirebaseInstallations in Frameworks */,
				182466B9291C75E800017C00 /* FirebaseRemoteConfig in Frameworks */,
				182466BD291C75E800017C00 /* FirebaseStorage in Frameworks */,
				1824669D291C75E800017C00 /* FirebaseDatabase in Frameworks */,
				182466BF291C75E800017C00 /* FirebaseStorageCombine-Community in Frameworks */,
				F46814D3291092FD000ADAFA /* Alamofire in Frameworks */,
				18246697291C75E800017C00 /* FirebaseAuth in Frameworks */,
				182466A1291C75E800017C00 /* FirebaseDynamicLinks in Frameworks */,
				182466A3291C75E800017C00 /* FirebaseFirestore in Frameworks */,
				182466BB291C75E800017C00 /* FirebaseRemoteConfigSwift in Frameworks */,
			);
			runOnlyForDeploymentPostprocessing = 0;
		};
/* End PBXFrameworksBuildPhase section */

/* Begin PBXGroup section */
		FF184D8A28FF868E0030B647 = {
			isa = PBXGroup;
			children = (
				FF184D9528FF868F0030B647 /* Safety-22 */,
				FF184D9428FF868F0030B647 /* Products */,
			);
			sourceTree = "<group>";
		};
		FF184D9428FF868F0030B647 /* Products */ = {
			isa = PBXGroup;
			children = (
				FF184D9328FF868F0030B647 /* Safety-22.app */,
			);
			name = Products;
			sourceTree = "<group>";
		};
		FF184D9528FF868F0030B647 /* Safety-22 */ = {
			isa = PBXGroup;
			children = (
				FF588CD2290446C90069DED2 /* Info.plist */,
				182466C0291C822800017C00 /* GoogleService-Info.plist */,
				FF184D9628FF868F0030B647 /* Safety_22App.swift */,
				F46814CF29108E10000ADAFA /* TwillioTester.swift */,
				FF184DA428FF884B0030B647 /* WorldView.swift */,
				FF184D9828FF868F0030B647 /* ContentView.swift */,
				FF184D9A28FF86930030B647 /* Assets.xcassets */,
				FF184D9C28FF86940030B647 /* Preview Content */,
			);
			path = "Safety-22";
			sourceTree = "<group>";
		};
		FF184D9C28FF86940030B647 /* Preview Content */ = {
			isa = PBXGroup;
			children = (
				FF184D9D28FF86940030B647 /* Preview Assets.xcassets */,
			);
			path = "Preview Content";
			sourceTree = "<group>";
		};
/* End PBXGroup section */

/* Begin PBXNativeTarget section */
		FF184D9228FF868F0030B647 /* Safety-22 */ = {
			isa = PBXNativeTarget;
			buildConfigurationList = FF184DA128FF86940030B647 /* Build configuration list for PBXNativeTarget "Safety-22" */;
			buildPhases = (
				FF184D8F28FF868F0030B647 /* Sources */,
				FF184D9028FF868F0030B647 /* Frameworks */,
				FF184D9128FF868F0030B647 /* Resources */,
			);
			buildRules = (
			);
			dependencies = (
			);
			name = "Safety-22";
			packageProductDependencies = (
				F46814D2291092FD000ADAFA /* Alamofire */,
				1824668A291C75E800017C00 /* FirebaseAnalytics */,
				1824668C291C75E800017C00 /* FirebaseAnalyticsOnDeviceConversion */,
				1824668E291C75E800017C00 /* FirebaseAnalyticsSwift */,
				18246690291C75E800017C00 /* FirebaseAnalyticsWithoutAdIdSupport */,
				18246692291C75E800017C00 /* FirebaseAppCheck */,
				18246694291C75E800017C00 /* FirebaseAppDistribution-Beta */,
				18246696291C75E800017C00 /* FirebaseAuth */,
				18246698291C75E800017C00 /* FirebaseAuthCombine-Community */,
				1824669A291C75E800017C00 /* FirebaseCrashlytics */,
				1824669C291C75E800017C00 /* FirebaseDatabase */,
				1824669E291C75E800017C00 /* FirebaseDatabaseSwift */,
				182466A0291C75E800017C00 /* FirebaseDynamicLinks */,
				182466A2291C75E800017C00 /* FirebaseFirestore */,
				182466A4291C75E800017C00 /* FirebaseFirestoreCombine-Community */,
				182466A6291C75E800017C00 /* FirebaseFirestoreSwift */,
				182466A8291C75E800017C00 /* FirebaseFunctions */,
				182466AA291C75E800017C00 /* FirebaseFunctionsCombine-Community */,
				182466AC291C75E800017C00 /* FirebaseInAppMessaging-Beta */,
				182466AE291C75E800017C00 /* FirebaseInAppMessagingSwift-Beta */,
				182466B0291C75E800017C00 /* FirebaseInstallations */,
				182466B2291C75E800017C00 /* FirebaseMLModelDownloader */,
				182466B4291C75E800017C00 /* FirebaseMessaging */,
				182466B6291C75E800017C00 /* FirebasePerformance */,
				182466B8291C75E800017C00 /* FirebaseRemoteConfig */,
				182466BA291C75E800017C00 /* FirebaseRemoteConfigSwift */,
				182466BC291C75E800017C00 /* FirebaseStorage */,
				182466BE291C75E800017C00 /* FirebaseStorageCombine-Community */,
			);
			productName = "Safety-22";
			productReference = FF184D9328FF868F0030B647 /* Safety-22.app */;
			productType = "com.apple.product-type.application";
		};
/* End PBXNativeTarget section */

/* Begin PBXProject section */
		FF184D8B28FF868E0030B647 /* Project object */ = {
			isa = PBXProject;
			attributes = {
				BuildIndependentTargetsInParallel = 1;
				LastSwiftUpdateCheck = 1400;
				LastUpgradeCheck = 1400;
				TargetAttributes = {
					FF184D9228FF868F0030B647 = {
						CreatedOnToolsVersion = 14.0.1;
					};
				};
			};
			buildConfigurationList = FF184D8E28FF868E0030B647 /* Build configuration list for PBXProject "Safety-22" */;
			compatibilityVersion = "Xcode 14.0";
			developmentRegion = en;
			hasScannedForEncodings = 0;
			knownRegions = (
				en,
				Base,
			);
			mainGroup = FF184D8A28FF868E0030B647;
			packageReferences = (
				F46814D1291092FD000ADAFA /* XCRemoteSwiftPackageReference "Alamofire" */,
				18246689291C75E800017C00 /* XCRemoteSwiftPackageReference "firebase-ios-sdk" */,
			);
			productRefGroup = FF184D9428FF868F0030B647 /* Products */;
			projectDirPath = "";
			projectRoot = "";
			targets = (
				FF184D9228FF868F0030B647 /* Safety-22 */,
			);
		};
/* End PBXProject section */

/* Begin PBXResourcesBuildPhase section */
		FF184D9128FF868F0030B647 /* Resources */ = {
			isa = PBXResourcesBuildPhase;
			buildActionMask = 2147483647;
			files = (
				FF184D9E28FF86940030B647 /* Preview Assets.xcassets in Resources */,
				FF184D9B28FF86940030B647 /* Assets.xcassets in Resources */,
				182466C1291C822800017C00 /* GoogleService-Info.plist in Resources */,
			);
			runOnlyForDeploymentPostprocessing = 0;
		};
/* End PBXResourcesBuildPhase section */

/* Begin PBXSourcesBuildPhase section */
		FF184D8F28FF868F0030B647 /* Sources */ = {
			isa = PBXSourcesBuildPhase;
			buildActionMask = 2147483647;
			files = (
				FF184D9928FF868F0030B647 /* ContentView.swift in Sources */,
				F46814D029108E10000ADAFA /* TwillioTester.swift in Sources */,
				FF184D9728FF868F0030B647 /* Safety_22App.swift in Sources */,
				FF184DA528FF884B0030B647 /* WorldView.swift in Sources */,
			);
			runOnlyForDeploymentPostprocessing = 0;
		};
/* End PBXSourcesBuildPhase section */

/* Begin XCBuildConfiguration section */
		FF184D9F28FF86940030B647 /* Debug */ = {
			isa = XCBuildConfiguration;
			buildSettings = {
				ALWAYS_SEARCH_USER_PATHS = NO;
				CLANG_ANALYZER_NONNULL = YES;
				CLANG_ANALYZER_NUMBER_OBJECT_CONVERSION = YES_AGGRESSIVE;
				CLANG_CXX_LANGUAGE_STANDARD = "gnu++20";
				CLANG_ENABLE_MODULES = YES;
				CLANG_ENABLE_OBJC_ARC = YES;
				CLANG_ENABLE_OBJC_WEAK = YES;
				CLANG_WARN_BLOCK_CAPTURE_AUTORELEASING = YES;
				CLANG_WARN_BOOL_CONVERSION = YES;
				CLANG_WARN_COMMA = YES;
				CLANG_WARN_CONSTANT_CONVERSION = YES;
				CLANG_WARN_DEPRECATED_OBJC_IMPLEMENTATIONS = YES;
				CLANG_WARN_DIRECT_OBJC_ISA_USAGE = YES_ERROR;
				CLANG_WARN_DOCUMENTATION_COMMENTS = YES;
				CLANG_WARN_EMPTY_BODY = YES;
				CLANG_WARN_ENUM_CONVERSION = YES;
				CLANG_WARN_INFINITE_RECURSION = YES;
				CLANG_WARN_INT_CONVERSION = YES;
				CLANG_WARN_NON_LITERAL_NULL_CONVERSION = YES;
				CLANG_WARN_OBJC_IMPLICIT_RETAIN_SELF = YES;
				CLANG_WARN_OBJC_LITERAL_CONVERSION = YES;
				CLANG_WARN_OBJC_ROOT_CLASS = YES_ERROR;
				CLANG_WARN_QUOTED_INCLUDE_IN_FRAMEWORK_HEADER = YES;
				CLANG_WARN_RANGE_LOOP_ANALYSIS = YES;
				CLANG_WARN_STRICT_PROTOTYPES = YES;
				CLANG_WARN_SUSPICIOUS_MOVE = YES;
				CLANG_WARN_UNGUARDED_AVAILABILITY = YES_AGGRESSIVE;
				CLANG_WARN_UNREACHABLE_CODE = YES;
				CLANG_WARN__DUPLICATE_METHOD_MATCH = YES;
				COPY_PHASE_STRIP = NO;
				DEBUG_INFORMATION_FORMAT = dwarf;
				ENABLE_STRICT_OBJC_MSGSEND = YES;
				ENABLE_TESTABILITY = YES;
				GCC_C_LANGUAGE_STANDARD = gnu11;
				GCC_DYNAMIC_NO_PIC = NO;
				GCC_NO_COMMON_BLOCKS = YES;
				GCC_OPTIMIZATION_LEVEL = 0;
				GCC_PREPROCESSOR_DEFINITIONS = (
					"DEBUG=1",
					"$(inherited)",
				);
				GCC_WARN_64_TO_32_BIT_CONVERSION = YES;
				GCC_WARN_ABOUT_RETURN_TYPE = YES_ERROR;
				GCC_WARN_UNDECLARED_SELECTOR = YES;
				GCC_WARN_UNINITIALIZED_AUTOS = YES_AGGRESSIVE;
				GCC_WARN_UNUSED_FUNCTION = YES;
				GCC_WARN_UNUSED_VARIABLE = YES;
				IPHONEOS_DEPLOYMENT_TARGET = 16.0;
				MTL_ENABLE_DEBUG_INFO = INCLUDE_SOURCE;
				MTL_FAST_MATH = YES;
				ONLY_ACTIVE_ARCH = YES;
				SDKROOT = iphoneos;
				SWIFT_ACTIVE_COMPILATION_CONDITIONS = DEBUG;
				SWIFT_OPTIMIZATION_LEVEL = "-Onone";
			};
			name = Debug;
		};
		FF184DA028FF86940030B647 /* Release */ = {
			isa = XCBuildConfiguration;
			buildSettings = {
				ALWAYS_SEARCH_USER_PATHS = NO;
				CLANG_ANALYZER_NONNULL = YES;
				CLANG_ANALYZER_NUMBER_OBJECT_CONVERSION = YES_AGGRESSIVE;
				CLANG_CXX_LANGUAGE_STANDARD = "gnu++20";
				CLANG_ENABLE_MODULES = YES;
				CLANG_ENABLE_OBJC_ARC = YES;
				CLANG_ENABLE_OBJC_WEAK = YES;
				CLANG_WARN_BLOCK_CAPTURE_AUTORELEASING = YES;
				CLANG_WARN_BOOL_CONVERSION = YES;
				CLANG_WARN_COMMA = YES;
				CLANG_WARN_CONSTANT_CONVERSION = YES;
				CLANG_WARN_DEPRECATED_OBJC_IMPLEMENTATIONS = YES;
				CLANG_WARN_DIRECT_OBJC_ISA_USAGE = YES_ERROR;
				CLANG_WARN_DOCUMENTATION_COMMENTS = YES;
				CLANG_WARN_EMPTY_BODY = YES;
				CLANG_WARN_ENUM_CONVERSION = YES;
				CLANG_WARN_INFINITE_RECURSION = YES;
				CLANG_WARN_INT_CONVERSION = YES;
				CLANG_WARN_NON_LITERAL_NULL_CONVERSION = YES;
				CLANG_WARN_OBJC_IMPLICIT_RETAIN_SELF = YES;
				CLANG_WARN_OBJC_LITERAL_CONVERSION = YES;
				CLANG_WARN_OBJC_ROOT_CLASS = YES_ERROR;
				CLANG_WARN_QUOTED_INCLUDE_IN_FRAMEWORK_HEADER = YES;
				CLANG_WARN_RANGE_LOOP_ANALYSIS = YES;
				CLANG_WARN_STRICT_PROTOTYPES = YES;
				CLANG_WARN_SUSPICIOUS_MOVE = YES;
				CLANG_WARN_UNGUARDED_AVAILABILITY = YES_AGGRESSIVE;
				CLANG_WARN_UNREACHABLE_CODE = YES;
				CLANG_WARN__DUPLICATE_METHOD_MATCH = YES;
				COPY_PHASE_STRIP = NO;
				DEBUG_INFORMATION_FORMAT = "dwarf-with-dsym";
				ENABLE_NS_ASSERTIONS = NO;
				ENABLE_STRICT_OBJC_MSGSEND = YES;
				GCC_C_LANGUAGE_STANDARD = gnu11;
				GCC_NO_COMMON_BLOCKS = YES;
				GCC_WARN_64_TO_32_BIT_CONVERSION = YES;
				GCC_WARN_ABOUT_RETURN_TYPE = YES_ERROR;
				GCC_WARN_UNDECLARED_SELECTOR = YES;
				GCC_WARN_UNINITIALIZED_AUTOS = YES_AGGRESSIVE;
				GCC_WARN_UNUSED_FUNCTION = YES;
				GCC_WARN_UNUSED_VARIABLE = YES;
				IPHONEOS_DEPLOYMENT_TARGET = 16.0;
				MTL_ENABLE_DEBUG_INFO = NO;
				MTL_FAST_MATH = YES;
				SDKROOT = iphoneos;
				SWIFT_COMPILATION_MODE = wholemodule;
				SWIFT_OPTIMIZATION_LEVEL = "-O";
				VALIDATE_PRODUCT = YES;
			};
			name = Release;
		};
		FF184DA228FF86940030B647 /* Debug */ = {
			isa = XCBuildConfiguration;
			buildSettings = {
				ASSETCATALOG_COMPILER_APPICON_NAME = AppIcon;
				ASSETCATALOG_COMPILER_GLOBAL_ACCENT_COLOR_NAME = AccentColor;
				CODE_SIGN_STYLE = Automatic;
				CURRENT_PROJECT_VERSION = 1;
				DEVELOPMENT_ASSET_PATHS = "\"Safety-22/Preview Content\"";
				DEVELOPMENT_TEAM = H6RGY2T97H;
				ENABLE_PREVIEWS = YES;
				GENERATE_INFOPLIST_FILE = YES;
				INFOPLIST_FILE = "Safety-22/Info.plist";
				INFOPLIST_KEY_UIApplicationSceneManifest_Generation = YES;
				INFOPLIST_KEY_UIApplicationSupportsIndirectInputEvents = YES;
				INFOPLIST_KEY_UILaunchScreen_Generation = YES;
				INFOPLIST_KEY_UISupportedInterfaceOrientations_iPad = "UIInterfaceOrientationPortrait UIInterfaceOrientationPortraitUpsideDown UIInterfaceOrientationLandscapeLeft UIInterfaceOrientationLandscapeRight";
				INFOPLIST_KEY_UISupportedInterfaceOrientations_iPhone = "UIInterfaceOrientationPortrait UIInterfaceOrientationLandscapeLeft UIInterfaceOrientationLandscapeRight";
				LD_RUNPATH_SEARCH_PATHS = (
					"$(inherited)",
					"@executable_path/Frameworks",
				);
				MARKETING_VERSION = 1.0;
				PRODUCT_BUNDLE_IDENTIFIER = "myProj.Safety-22";
				PRODUCT_NAME = "$(TARGET_NAME)";
				SWIFT_EMIT_LOC_STRINGS = YES;
				SWIFT_VERSION = 5.0;
				TARGETED_DEVICE_FAMILY = "1,2";
			};
			name = Debug;
		};
		FF184DA328FF86940030B647 /* Release */ = {
			isa = XCBuildConfiguration;
			buildSettings = {
				ASSETCATALOG_COMPILER_APPICON_NAME = AppIcon;
				ASSETCATALOG_COMPILER_GLOBAL_ACCENT_COLOR_NAME = AccentColor;
				CODE_SIGN_STYLE = Automatic;
				CURRENT_PROJECT_VERSION = 1;
				DEVELOPMENT_ASSET_PATHS = "\"Safety-22/Preview Content\"";
				DEVELOPMENT_TEAM = H6RGY2T97H;
				ENABLE_PREVIEWS = YES;
				GENERATE_INFOPLIST_FILE = YES;
				INFOPLIST_FILE = "Safety-22/Info.plist";
				INFOPLIST_KEY_UIApplicationSceneManifest_Generation = YES;
				INFOPLIST_KEY_UIApplicationSupportsIndirectInputEvents = YES;
				INFOPLIST_KEY_UILaunchScreen_Generation = YES;
				INFOPLIST_KEY_UISupportedInterfaceOrientations_iPad = "UIInterfaceOrientationPortrait UIInterfaceOrientationPortraitUpsideDown UIInterfaceOrientationLandscapeLeft UIInterfaceOrientationLandscapeRight";
				INFOPLIST_KEY_UISupportedInterfaceOrientations_iPhone = "UIInterfaceOrientationPortrait UIInterfaceOrientationLandscapeLeft UIInterfaceOrientationLandscapeRight";
				LD_RUNPATH_SEARCH_PATHS = (
					"$(inherited)",
					"@executable_path/Frameworks",
				);
				MARKETING_VERSION = 1.0;
				PRODUCT_BUNDLE_IDENTIFIER = "myProj.Safety-22";
				PRODUCT_NAME = "$(TARGET_NAME)";
				SWIFT_EMIT_LOC_STRINGS = YES;
				SWIFT_VERSION = 5.0;
				TARGETED_DEVICE_FAMILY = "1,2";
			};
			name = Release;
		};
/* End XCBuildConfiguration section */

/* Begin XCConfigurationList section */
		FF184D8E28FF868E0030B647 /* Build configuration list for PBXProject "Safety-22" */ = {
			isa = XCConfigurationList;
			buildConfigurations = (
				FF184D9F28FF86940030B647 /* Debug */,
				FF184DA028FF86940030B647 /* Release */,
			);
			defaultConfigurationIsVisible = 0;
			defaultConfigurationName = Release;
		};
		FF184DA128FF86940030B647 /* Build configuration list for PBXNativeTarget "Safety-22" */ = {
			isa = XCConfigurationList;
			buildConfigurations = (
				FF184DA228FF86940030B647 /* Debug */,
				FF184DA328FF86940030B647 /* Release */,
			);
			defaultConfigurationIsVisible = 0;
			defaultConfigurationName = Release;
		};
/* End XCConfigurationList section */

/* Begin XCRemoteSwiftPackageReference section */
		18246689291C75E800017C00 /* XCRemoteSwiftPackageReference "firebase-ios-sdk" */ = {
			isa = XCRemoteSwiftPackageReference;
			repositoryURL = "https://github.com/firebase/firebase-ios-sdk";
			requirement = {
				kind = upToNextMajorVersion;
				minimumVersion = 9.0.0;
			};
		};
		F46814D1291092FD000ADAFA /* XCRemoteSwiftPackageReference "Alamofire" */ = {
			isa = XCRemoteSwiftPackageReference;
			repositoryURL = "https://github.com/Alamofire/Alamofire";
			requirement = {
				kind = upToNextMajorVersion;
				minimumVersion = 5.0.0;
			};
		};
/* End XCRemoteSwiftPackageReference section */

/* Begin XCSwiftPackageProductDependency section */
		1824668A291C75E800017C00 /* FirebaseAnalytics */ = {
			isa = XCSwiftPackageProductDependency;
			package = 18246689291C75E800017C00 /* XCRemoteSwiftPackageReference "firebase-ios-sdk" */;
			productName = FirebaseAnalytics;
		};
		1824668C291C75E800017C00 /* FirebaseAnalyticsOnDeviceConversion */ = {
			isa = XCSwiftPackageProductDependency;
			package = 18246689291C75E800017C00 /* XCRemoteSwiftPackageReference "firebase-ios-sdk" */;
			productName = FirebaseAnalyticsOnDeviceConversion;
		};
		1824668E291C75E800017C00 /* FirebaseAnalyticsSwift */ = {
			isa = XCSwiftPackageProductDependency;
			package = 18246689291C75E800017C00 /* XCRemoteSwiftPackageReference "firebase-ios-sdk" */;
			productName = FirebaseAnalyticsSwift;
		};
		18246690291C75E800017C00 /* FirebaseAnalyticsWithoutAdIdSupport */ = {
			isa = XCSwiftPackageProductDependency;
			package = 18246689291C75E800017C00 /* XCRemoteSwiftPackageReference "firebase-ios-sdk" */;
			productName = FirebaseAnalyticsWithoutAdIdSupport;
		};
		18246692291C75E800017C00 /* FirebaseAppCheck */ = {
			isa = XCSwiftPackageProductDependency;
			package = 18246689291C75E800017C00 /* XCRemoteSwiftPackageReference "firebase-ios-sdk" */;
			productName = FirebaseAppCheck;
		};
		18246694291C75E800017C00 /* FirebaseAppDistribution-Beta */ = {
			isa = XCSwiftPackageProductDependency;
			package = 18246689291C75E800017C00 /* XCRemoteSwiftPackageReference "firebase-ios-sdk" */;
			productName = "FirebaseAppDistribution-Beta";
		};
		18246696291C75E800017C00 /* FirebaseAuth */ = {
			isa = XCSwiftPackageProductDependency;
			package = 18246689291C75E800017C00 /* XCRemoteSwiftPackageReference "firebase-ios-sdk" */;
			productName = FirebaseAuth;
		};
		18246698291C75E800017C00 /* FirebaseAuthCombine-Community */ = {
			isa = XCSwiftPackageProductDependency;
			package = 18246689291C75E800017C00 /* XCRemoteSwiftPackageReference "firebase-ios-sdk" */;
			productName = "FirebaseAuthCombine-Community";
		};
		1824669A291C75E800017C00 /* FirebaseCrashlytics */ = {
			isa = XCSwiftPackageProductDependency;
			package = 18246689291C75E800017C00 /* XCRemoteSwiftPackageReference "firebase-ios-sdk" */;
			productName = FirebaseCrashlytics;
		};
		1824669C291C75E800017C00 /* FirebaseDatabase */ = {
			isa = XCSwiftPackageProductDependency;
			package = 18246689291C75E800017C00 /* XCRemoteSwiftPackageReference "firebase-ios-sdk" */;
			productName = FirebaseDatabase;
		};
		1824669E291C75E800017C00 /* FirebaseDatabaseSwift */ = {
			isa = XCSwiftPackageProductDependency;
			package = 18246689291C75E800017C00 /* XCRemoteSwiftPackageReference "firebase-ios-sdk" */;
			productName = FirebaseDatabaseSwift;
		};
		182466A0291C75E800017C00 /* FirebaseDynamicLinks */ = {
			isa = XCSwiftPackageProductDependency;
			package = 18246689291C75E800017C00 /* XCRemoteSwiftPackageReference "firebase-ios-sdk" */;
			productName = FirebaseDynamicLinks;
		};
		182466A2291C75E800017C00 /* FirebaseFirestore */ = {
			isa = XCSwiftPackageProductDependency;
			package = 18246689291C75E800017C00 /* XCRemoteSwiftPackageReference "firebase-ios-sdk" */;
			productName = FirebaseFirestore;
		};
		182466A4291C75E800017C00 /* FirebaseFirestoreCombine-Community */ = {
			isa = XCSwiftPackageProductDependency;
			package = 18246689291C75E800017C00 /* XCRemoteSwiftPackageReference "firebase-ios-sdk" */;
			productName = "FirebaseFirestoreCombine-Community";
		};
		182466A6291C75E800017C00 /* FirebaseFirestoreSwift */ = {
			isa = XCSwiftPackageProductDependency;
			package = 18246689291C75E800017C00 /* XCRemoteSwiftPackageReference "firebase-ios-sdk" */;
			productName = FirebaseFirestoreSwift;
		};
		182466A8291C75E800017C00 /* FirebaseFunctions */ = {
			isa = XCSwiftPackageProductDependency;
			package = 18246689291C75E800017C00 /* XCRemoteSwiftPackageReference "firebase-ios-sdk" */;
			productName = FirebaseFunctions;
		};
		182466AA291C75E800017C00 /* FirebaseFunctionsCombine-Community */ = {
			isa = XCSwiftPackageProductDependency;
			package = 18246689291C75E800017C00 /* XCRemoteSwiftPackageReference "firebase-ios-sdk" */;
			productName = "FirebaseFunctionsCombine-Community";
		};
		182466AC291C75E800017C00 /* FirebaseInAppMessaging-Beta */ = {
			isa = XCSwiftPackageProductDependency;
			package = 18246689291C75E800017C00 /* XCRemoteSwiftPackageReference "firebase-ios-sdk" */;
			productName = "FirebaseInAppMessaging-Beta";
		};
		182466AE291C75E800017C00 /* FirebaseInAppMessagingSwift-Beta */ = {
			isa = XCSwiftPackageProductDependency;
			package = 18246689291C75E800017C00 /* XCRemoteSwiftPackageReference "firebase-ios-sdk" */;
			productName = "FirebaseInAppMessagingSwift-Beta";
		};
		182466B0291C75E800017C00 /* FirebaseInstallations */ = {
			isa = XCSwiftPackageProductDependency;
			package = 18246689291C75E800017C00 /* XCRemoteSwiftPackageReference "firebase-ios-sdk" */;
			productName = FirebaseInstallations;
		};
		182466B2291C75E800017C00 /* FirebaseMLModelDownloader */ = {
			isa = XCSwiftPackageProductDependency;
			package = 18246689291C75E800017C00 /* XCRemoteSwiftPackageReference "firebase-ios-sdk" */;
			productName = FirebaseMLModelDownloader;
		};
		182466B4291C75E800017C00 /* FirebaseMessaging */ = {
			isa = XCSwiftPackageProductDependency;
			package = 18246689291C75E800017C00 /* XCRemoteSwiftPackageReference "firebase-ios-sdk" */;
			productName = FirebaseMessaging;
		};
		182466B6291C75E800017C00 /* FirebasePerformance */ = {
			isa = XCSwiftPackageProductDependency;
			package = 18246689291C75E800017C00 /* XCRemoteSwiftPackageReference "firebase-ios-sdk" */;
			productName = FirebasePerformance;
		};
		182466B8291C75E800017C00 /* FirebaseRemoteConfig */ = {
			isa = XCSwiftPackageProductDependency;
			package = 18246689291C75E800017C00 /* XCRemoteSwiftPackageReference "firebase-ios-sdk" */;
			productName = FirebaseRemoteConfig;
		};
		182466BA291C75E800017C00 /* FirebaseRemoteConfigSwift */ = {
			isa = XCSwiftPackageProductDependency;
			package = 18246689291C75E800017C00 /* XCRemoteSwiftPackageReference "firebase-ios-sdk" */;
			productName = FirebaseRemoteConfigSwift;
		};
		182466BC291C75E800017C00 /* FirebaseStorage */ = {
			isa = XCSwiftPackageProductDependency;
			package = 18246689291C75E800017C00 /* XCRemoteSwiftPackageReference "firebase-ios-sdk" */;
			productName = FirebaseStorage;
		};
		182466BE291C75E800017C00 /* FirebaseStorageCombine-Community */ = {
			isa = XCSwiftPackageProductDependency;
			package = 18246689291C75E800017C00 /* XCRemoteSwiftPackageReference "firebase-ios-sdk" */;
			productName = "FirebaseStorageCombine-Community";
		};
		F46814D2291092FD000ADAFA /* Alamofire */ = {
			isa = XCSwiftPackageProductDependency;
			package = F46814D1291092FD000ADAFA /* XCRemoteSwiftPackageReference "Alamofire" */;
			productName = Alamofire;
		};
/* End XCSwiftPackageProductDependency section */
	};
	rootObject = FF184D8B28FF868E0030B647 /* Project object */;
}
